
Microsoft Visual Studio Solution File, Format Version 12.00
# Visual Studio 15
VisualStudioVersion = 15.0.27705.2000
MinimumVisualStudioVersion = 10.0.40219.1
Project("{FAE04EC0-301F-11D3-BF4B-00C04F79EFBC}") = "Data", "Data\Data.csproj", "{26FF3A27-D5C5-4EC5-933D-7DE1A6964DF1}"
EndProject
Project("{FAE04EC0-301F-11D3-BF4B-00C04F79EFBC}") = "Startup", "Startup\Startup.csproj", "{00B783EE-0C9C-41C0-BC50-B112F7FA169B}"
EndProject
Global
	GlobalSection(SolutionConfigurationPlatforms) = preSolution
		Debug|Any CPU = Debug|Any CPU
		Release|Any CPU = Release|Any CPU
	EndGlobalSection
	GlobalSection(ProjectConfigurationPlatforms) = postSolution
		{26FF3A27-D5C5-4EC5-933D-7DE1A6964DF1}.Debug|Any CPU.ActiveCfg = Debug|Any CPU
		{26FF3A27-D5C5-4EC5-933D-7DE1A6964DF1}.Debug|Any CPU.Build.0 = Debug|Any CPU
		{26FF3A27-D5C5-4EC5-933D-7DE1A6964DF1}.Release|Any CPU.ActiveCfg = Release|Any CPU
		{26FF3A27-D5C5-4EC5-933D-7DE1A6964DF1}.Release|Any CPU.Build.0 = Release|Any CPU
		{00B783EE-0C9C-41C0-BC50-B112F7FA169B}.Debug|Any CPU.ActiveCfg = Debug|Any CPU
		{00B783EE-0C9C-41C0-BC50-B112F7FA169B}.Debug|Any CPU.Build.0 = Debug|Any CPU
		{00B783EE-0C9C-41C0-BC50-B112F7FA169B}.Release|Any CPU.ActiveCfg = Release|Any CPU
		{00B783EE-0C9C-41C0-BC50-B112F7FA169B}.Release|Any CPU.Build.0 = Release|Any CPU
	EndGlobalSection
	GlobalSection(SolutionProperties) = preSolution
		HideSolutionNode = FALSE
	EndGlobalSection
	GlobalSection(ExtensibilityGlobals) = postSolution
		SolutionGuid = {0BF92D20-9FDA-4C3A-ADCC-3DD715032003}
	EndGlobalSection
EndGlobal
